// !$*UTF8*$!
{
	archiveVersion = 1;
	classes = {
	};
	objectVersion = 54;
	objects = {

/* Begin PBXBuildFile section */
		3012A5EA2CECA954009603A7 /* ResponseDataConverter.swift in Sources */ = {isa = PBXBuildFile; fileRef = 3012A5E92CECA954009603A7 /* ResponseDataConverter.swift */; };
		3012A5EC2CECAAEA009603A7 /* CategoriesDTO.swift in Sources */ = {isa = PBXBuildFile; fileRef = 3012A5EB2CECAAEA009603A7 /* CategoriesDTO.swift */; };
		3012A5F42CECFA85009603A7 /* SectionHeaderView.swift in Sources */ = {isa = PBXBuildFile; fileRef = 3012A5F32CECFA85009603A7 /* SectionHeaderView.swift */; };
		3012A5F72CEDF343009603A7 /* ImageDownloader.swift in Sources */ = {isa = PBXBuildFile; fileRef = 3012A5F62CEDF343009603A7 /* ImageDownloader.swift */; };
		3012A5FF2CEE37FB009603A7 /* DetailsView.swift in Sources */ = {isa = PBXBuildFile; fileRef = 3012A5FE2CEE37FB009603A7 /* DetailsView.swift */; };
		3012A6032CEE382F009603A7 /* DetailsViewModel.swift in Sources */ = {isa = PBXBuildFile; fileRef = 3012A6022CEE382F009603A7 /* DetailsViewModel.swift */; };
		3012A6062CEE3C03009603A7 /* AssetDetailsModel.swift in Sources */ = {isa = PBXBuildFile; fileRef = 3012A6052CEE3C03009603A7 /* AssetDetailsModel.swift */; };
		3012A6082CEE3C76009603A7 /* AssetDetailsSimilarModel.swift in Sources */ = {isa = PBXBuildFile; fileRef = 3012A6072CEE3C76009603A7 /* AssetDetailsSimilarModel.swift */; };
		301794692CE76CB40060DC9C /* APIClient.swift in Sources */ = {isa = PBXBuildFile; fileRef = 301794682CE76CB40060DC9C /* APIClient.swift */; };
		3017946C2CE76CF60060DC9C /* Alamofire in Frameworks */ = {isa = PBXBuildFile; productRef = 3017946B2CE76CF60060DC9C /* Alamofire */; };
		3017946E2CE76CF60060DC9C /* AlamofireDynamic in Frameworks */ = {isa = PBXBuildFile; productRef = 3017946D2CE76CF60060DC9C /* AlamofireDynamic */; };
		301794702CE772AA0060DC9C /* KyivstarTVAPIEndpoint.swift in Sources */ = {isa = PBXBuildFile; fileRef = 3017946F2CE772AA0060DC9C /* KyivstarTVAPIEndpoint.swift */; };
		301794722CE772C30060DC9C /* Endpoint.swift in Sources */ = {isa = PBXBuildFile; fileRef = 301794712CE772C30060DC9C /* Endpoint.swift */; };
		301794752CE773250060DC9C /* ContentGroupDTO.swift in Sources */ = {isa = PBXBuildFile; fileRef = 301794742CE773250060DC9C /* ContentGroupDTO.swift */; };
		301794772CE773380060DC9C /* PromotionsDTO.swift in Sources */ = {isa = PBXBuildFile; fileRef = 301794762CE773380060DC9C /* PromotionsDTO.swift */; };
		3017947F2CE790310060DC9C /* HomeSectionCellType.swift in Sources */ = {isa = PBXBuildFile; fileRef = 3017947E2CE790310060DC9C /* HomeSectionCellType.swift */; };
		301794822CE790F90060DC9C /* SnapKit in Frameworks */ = {isa = PBXBuildFile; productRef = 301794812CE790F90060DC9C /* SnapKit */; };
		301794842CE790F90060DC9C /* SnapKit-Dynamic in Frameworks */ = {isa = PBXBuildFile; productRef = 301794832CE790F90060DC9C /* SnapKit-Dynamic */; };
		301794872CE79F4C0060DC9C /* Toast in Frameworks */ = {isa = PBXBuildFile; productRef = 301794862CE79F4C0060DC9C /* Toast */; };
		3017948D2CEA439C0060DC9C /* HomeSectionType.swift in Sources */ = {isa = PBXBuildFile; fileRef = 3017948C2CEA439C0060DC9C /* HomeSectionType.swift */; };
		301794902CEA49780060DC9C /* HomeSectionCellModel.swift in Sources */ = {isa = PBXBuildFile; fileRef = 3017948F2CEA49780060DC9C /* HomeSectionCellModel.swift */; };
		301794922CEA571A0060DC9C /* AssetDTO.swift in Sources */ = {isa = PBXBuildFile; fileRef = 301794912CEA571A0060DC9C /* AssetDTO.swift */; };
		301794942CEA5B210060DC9C /* AssetDetailsDTO.swift in Sources */ = {isa = PBXBuildFile; fileRef = 301794932CEA5B210060DC9C /* AssetDetailsDTO.swift */; };
		301794962CEA5E990060DC9C /* HomeSectionModel.swift in Sources */ = {isa = PBXBuildFile; fileRef = 301794952CEA5E990060DC9C /* HomeSectionModel.swift */; };
		301794992CEA69B60060DC9C /* HomeViewModel.swift in Sources */ = {isa = PBXBuildFile; fileRef = 301794982CEA69B60060DC9C /* HomeViewModel.swift */; };
		3017949F2CEB622E0060DC9C /* KyivstarTVNetworkManager.swift in Sources */ = {isa = PBXBuildFile; fileRef = 3017949E2CEB622E0060DC9C /* KyivstarTVNetworkManager.swift */; };
		305897472CEE47BE002B3485 /* SimilarItemView.swift in Sources */ = {isa = PBXBuildFile; fileRef = 305897462CEE47BE002B3485 /* SimilarItemView.swift */; };
		3075FAAA2CEF9BC4002DFF92 /* PromotionCell.swift in Sources */ = {isa = PBXBuildFile; fileRef = 3075FAA92CEF9BC4002DFF92 /* PromotionCell.swift */; };
		3075FAAC2CEF9BE3002DFF92 /* CategoriesCell.swift in Sources */ = {isa = PBXBuildFile; fileRef = 3075FAAB2CEF9BE3002DFF92 /* CategoriesCell.swift */; };
		3075FAAE2CEF9C42002DFF92 /* CinemaCell.swift in Sources */ = {isa = PBXBuildFile; fileRef = 3075FAAD2CEF9C42002DFF92 /* CinemaCell.swift */; };
		3075FAB02CEF9C57002DFF92 /* LiveChannelsCell.swift in Sources */ = {isa = PBXBuildFile; fileRef = 3075FAAF2CEF9C57002DFF92 /* LiveChannelsCell.swift */; };
		3075FAB22CEF9C65002DFF92 /* EPGCell.swift in Sources */ = {isa = PBXBuildFile; fileRef = 3075FAB12CEF9C65002DFF92 /* EPGCell.swift */; };
		30AD49822CE759A1008F4FD2 /* Coordinator.swift in Sources */ = {isa = PBXBuildFile; fileRef = 30AD49812CE759A1008F4FD2 /* Coordinator.swift */; };
		AB5E7741261461B7004AA3B2 /* AppDelegate.swift in Sources */ = {isa = PBXBuildFile; fileRef = AB5E7740261461B7004AA3B2 /* AppDelegate.swift */; };
		AB5E7743261461B7004AA3B2 /* SceneDelegate.swift in Sources */ = {isa = PBXBuildFile; fileRef = AB5E7742261461B7004AA3B2 /* SceneDelegate.swift */; };
		AB5E7745261461B7004AA3B2 /* HomeView.swift in Sources */ = {isa = PBXBuildFile; fileRef = AB5E7744261461B7004AA3B2 /* HomeView.swift */; };
		AB5E774A261461B9004AA3B2 /* Assets.xcassets in Resources */ = {isa = PBXBuildFile; fileRef = AB5E7749261461B9004AA3B2 /* Assets.xcassets */; };
		AB5E774D261461B9004AA3B2 /* LaunchScreen.storyboard in Resources */ = {isa = PBXBuildFile; fileRef = AB5E774B261461B9004AA3B2 /* LaunchScreen.storyboard */; };
/* End PBXBuildFile section */

/* Begin PBXFileReference section */
		3012A5E92CECA954009603A7 /* ResponseDataConverter.swift */ = {isa = PBXFileReference; lastKnownFileType = sourcecode.swift; path = ResponseDataConverter.swift; sourceTree = "<group>"; };
		3012A5EB2CECAAEA009603A7 /* CategoriesDTO.swift */ = {isa = PBXFileReference; lastKnownFileType = sourcecode.swift; path = CategoriesDTO.swift; sourceTree = "<group>"; };
		3012A5F32CECFA85009603A7 /* SectionHeaderView.swift */ = {isa = PBXFileReference; lastKnownFileType = sourcecode.swift; path = SectionHeaderView.swift; sourceTree = "<group>"; };
		3012A5F62CEDF343009603A7 /* ImageDownloader.swift */ = {isa = PBXFileReference; lastKnownFileType = sourcecode.swift; path = ImageDownloader.swift; sourceTree = "<group>"; };
		3012A5FE2CEE37FB009603A7 /* DetailsView.swift */ = {isa = PBXFileReference; lastKnownFileType = sourcecode.swift; path = DetailsView.swift; sourceTree = "<group>"; };
		3012A6022CEE382F009603A7 /* DetailsViewModel.swift */ = {isa = PBXFileReference; lastKnownFileType = sourcecode.swift; path = DetailsViewModel.swift; sourceTree = "<group>"; };
		3012A6052CEE3C03009603A7 /* AssetDetailsModel.swift */ = {isa = PBXFileReference; lastKnownFileType = sourcecode.swift; path = AssetDetailsModel.swift; sourceTree = "<group>"; };
		3012A6072CEE3C76009603A7 /* AssetDetailsSimilarModel.swift */ = {isa = PBXFileReference; lastKnownFileType = sourcecode.swift; path = AssetDetailsSimilarModel.swift; sourceTree = "<group>"; };
		301794682CE76CB40060DC9C /* APIClient.swift */ = {isa = PBXFileReference; lastKnownFileType = sourcecode.swift; path = APIClient.swift; sourceTree = "<group>"; };
		3017946F2CE772AA0060DC9C /* KyivstarTVAPIEndpoint.swift */ = {isa = PBXFileReference; lastKnownFileType = sourcecode.swift; path = KyivstarTVAPIEndpoint.swift; sourceTree = "<group>"; };
		301794712CE772C30060DC9C /* Endpoint.swift */ = {isa = PBXFileReference; lastKnownFileType = sourcecode.swift; path = Endpoint.swift; sourceTree = "<group>"; };
		301794742CE773250060DC9C /* ContentGroupDTO.swift */ = {isa = PBXFileReference; lastKnownFileType = sourcecode.swift; path = ContentGroupDTO.swift; sourceTree = "<group>"; };
		301794762CE773380060DC9C /* PromotionsDTO.swift */ = {isa = PBXFileReference; lastKnownFileType = sourcecode.swift; path = PromotionsDTO.swift; sourceTree = "<group>"; };
		3017947E2CE790310060DC9C /* HomeSectionCellType.swift */ = {isa = PBXFileReference; lastKnownFileType = sourcecode.swift; path = HomeSectionCellType.swift; sourceTree = "<group>"; };
		3017948C2CEA439C0060DC9C /* HomeSectionType.swift */ = {isa = PBXFileReference; lastKnownFileType = sourcecode.swift; path = HomeSectionType.swift; sourceTree = "<group>"; };
		3017948F2CEA49780060DC9C /* HomeSectionCellModel.swift */ = {isa = PBXFileReference; lastKnownFileType = sourcecode.swift; path = HomeSectionCellModel.swift; sourceTree = "<group>"; };
		301794912CEA571A0060DC9C /* AssetDTO.swift */ = {isa = PBXFileReference; lastKnownFileType = sourcecode.swift; path = AssetDTO.swift; sourceTree = "<group>"; };
		301794932CEA5B210060DC9C /* AssetDetailsDTO.swift */ = {isa = PBXFileReference; lastKnownFileType = sourcecode.swift; path = AssetDetailsDTO.swift; sourceTree = "<group>"; };
		301794952CEA5E990060DC9C /* HomeSectionModel.swift */ = {isa = PBXFileReference; lastKnownFileType = sourcecode.swift; path = HomeSectionModel.swift; sourceTree = "<group>"; };
		301794982CEA69B60060DC9C /* HomeViewModel.swift */ = {isa = PBXFileReference; lastKnownFileType = sourcecode.swift; path = HomeViewModel.swift; sourceTree = "<group>"; };
		3017949E2CEB622E0060DC9C /* KyivstarTVNetworkManager.swift */ = {isa = PBXFileReference; lastKnownFileType = sourcecode.swift; path = KyivstarTVNetworkManager.swift; sourceTree = "<group>"; };
		305897462CEE47BE002B3485 /* SimilarItemView.swift */ = {isa = PBXFileReference; lastKnownFileType = sourcecode.swift; path = SimilarItemView.swift; sourceTree = "<group>"; };
		3075FAA92CEF9BC4002DFF92 /* PromotionCell.swift */ = {isa = PBXFileReference; lastKnownFileType = sourcecode.swift; path = PromotionCell.swift; sourceTree = "<group>"; };
		3075FAAB2CEF9BE3002DFF92 /* CategoriesCell.swift */ = {isa = PBXFileReference; lastKnownFileType = sourcecode.swift; path = CategoriesCell.swift; sourceTree = "<group>"; };
		3075FAAD2CEF9C42002DFF92 /* CinemaCell.swift */ = {isa = PBXFileReference; lastKnownFileType = sourcecode.swift; path = CinemaCell.swift; sourceTree = "<group>"; };
		3075FAAF2CEF9C57002DFF92 /* LiveChannelsCell.swift */ = {isa = PBXFileReference; lastKnownFileType = sourcecode.swift; path = LiveChannelsCell.swift; sourceTree = "<group>"; };
		3075FAB12CEF9C65002DFF92 /* EPGCell.swift */ = {isa = PBXFileReference; lastKnownFileType = sourcecode.swift; path = EPGCell.swift; sourceTree = "<group>"; };
		30AD49812CE759A1008F4FD2 /* Coordinator.swift */ = {isa = PBXFileReference; lastKnownFileType = sourcecode.swift; path = Coordinator.swift; sourceTree = "<group>"; };
		AB5E773D261461B7004AA3B2 /* DemoApp.app */ = {isa = PBXFileReference; explicitFileType = wrapper.application; includeInIndex = 0; path = DemoApp.app; sourceTree = BUILT_PRODUCTS_DIR; };
		AB5E7740261461B7004AA3B2 /* AppDelegate.swift */ = {isa = PBXFileReference; lastKnownFileType = sourcecode.swift; path = AppDelegate.swift; sourceTree = "<group>"; };
		AB5E7742261461B7004AA3B2 /* SceneDelegate.swift */ = {isa = PBXFileReference; lastKnownFileType = sourcecode.swift; path = SceneDelegate.swift; sourceTree = "<group>"; };
		AB5E7744261461B7004AA3B2 /* HomeView.swift */ = {isa = PBXFileReference; lastKnownFileType = sourcecode.swift; path = HomeView.swift; sourceTree = "<group>"; };
		AB5E7749261461B9004AA3B2 /* Assets.xcassets */ = {isa = PBXFileReference; lastKnownFileType = folder.assetcatalog; path = Assets.xcassets; sourceTree = "<group>"; };
		AB5E774C261461B9004AA3B2 /* Base */ = {isa = PBXFileReference; lastKnownFileType = file.storyboard; name = Base; path = Base.lproj/LaunchScreen.storyboard; sourceTree = "<group>"; };
		AB5E774E261461B9004AA3B2 /* Info.plist */ = {isa = PBXFileReference; lastKnownFileType = text.plist.xml; path = Info.plist; sourceTree = "<group>"; };
/* End PBXFileReference section */

/* Begin PBXFrameworksBuildPhase section */
		AB5E773A261461B7004AA3B2 /* Frameworks */ = {
			isa = PBXFrameworksBuildPhase;
			buildActionMask = 2147483647;
			files = (
				301794822CE790F90060DC9C /* SnapKit in Frameworks */,
				3017946C2CE76CF60060DC9C /* Alamofire in Frameworks */,
				3017946E2CE76CF60060DC9C /* AlamofireDynamic in Frameworks */,
				301794872CE79F4C0060DC9C /* Toast in Frameworks */,
				301794842CE790F90060DC9C /* SnapKit-Dynamic in Frameworks */,
			);
			runOnlyForDeploymentPostprocessing = 0;
		};
/* End PBXFrameworksBuildPhase section */

/* Begin PBXGroup section */
		3012A5E82CECA929009603A7 /* Helper */ = {
			isa = PBXGroup;
			children = (
				3012A5E92CECA954009603A7 /* ResponseDataConverter.swift */,
			);
			path = Helper;
			sourceTree = "<group>";
		};
		3012A5FD2CEE37E2009603A7 /* Details */ = {
			isa = PBXGroup;
			children = (
				3012A6042CEE3BE8009603A7 /* Model */,
				3012A6012CEE381C009603A7 /* ViewModel */,
				3012A6002CEE3812009603A7 /* View */,
			);
			path = Details;
			sourceTree = "<group>";
		};
		3012A6002CEE3812009603A7 /* View */ = {
			isa = PBXGroup;
			children = (
				3012A5FE2CEE37FB009603A7 /* DetailsView.swift */,
				305897462CEE47BE002B3485 /* SimilarItemView.swift */,
			);
			path = View;
			sourceTree = "<group>";
		};
		3012A6012CEE381C009603A7 /* ViewModel */ = {
			isa = PBXGroup;
			children = (
				3012A6022CEE382F009603A7 /* DetailsViewModel.swift */,
			);
			path = ViewModel;
			sourceTree = "<group>";
		};
		3012A6042CEE3BE8009603A7 /* Model */ = {
			isa = PBXGroup;
			children = (
				3012A6052CEE3C03009603A7 /* AssetDetailsModel.swift */,
				3012A6072CEE3C76009603A7 /* AssetDetailsSimilarModel.swift */,
			);
			path = Model;
			sourceTree = "<group>";
		};
		301794662CE769D50060DC9C /* Reusable */ = {
			isa = PBXGroup;
			children = (
				3075FAA92CEF9BC4002DFF92 /* PromotionCell.swift */,
				3075FAAB2CEF9BE3002DFF92 /* CategoriesCell.swift */,
				3075FAAD2CEF9C42002DFF92 /* CinemaCell.swift */,
				3075FAAF2CEF9C57002DFF92 /* LiveChannelsCell.swift */,
				3075FAB12CEF9C65002DFF92 /* EPGCell.swift */,
				3012A5F32CECFA85009603A7 /* SectionHeaderView.swift */,
			);
			path = Reusable;
			sourceTree = "<group>";
		};
		301794672CE76B7A0060DC9C /* Networking */ = {
			isa = PBXGroup;
			children = (
				301794682CE76CB40060DC9C /* APIClient.swift */,
				3017946F2CE772AA0060DC9C /* KyivstarTVAPIEndpoint.swift */,
				301794712CE772C30060DC9C /* Endpoint.swift */,
				3017949E2CEB622E0060DC9C /* KyivstarTVNetworkManager.swift */,
				3012A5F62CEDF343009603A7 /* ImageDownloader.swift */,
				301794732CE772F30060DC9C /* ResponseModels */,
			);
			path = Networking;
			sourceTree = "<group>";
		};
		301794732CE772F30060DC9C /* ResponseModels */ = {
			isa = PBXGroup;
			children = (
				301794742CE773250060DC9C /* ContentGroupDTO.swift */,
				301794912CEA571A0060DC9C /* AssetDTO.swift */,
				301794762CE773380060DC9C /* PromotionsDTO.swift */,
				301794932CEA5B210060DC9C /* AssetDetailsDTO.swift */,
				3012A5EB2CECAAEA009603A7 /* CategoriesDTO.swift */,
			);
			path = ResponseModels;
			sourceTree = "<group>";
		};
		3017948E2CEA49460060DC9C /* Model */ = {
			isa = PBXGroup;
			children = (
				3017948C2CEA439C0060DC9C /* HomeSectionType.swift */,
				3017947E2CE790310060DC9C /* HomeSectionCellType.swift */,
				301794952CEA5E990060DC9C /* HomeSectionModel.swift */,
				3017948F2CEA49780060DC9C /* HomeSectionCellModel.swift */,
			);
			path = Model;
			sourceTree = "<group>";
		};
		301794972CEA69A00060DC9C /* View */ = {
			isa = PBXGroup;
			children = (
				AB5E7744261461B7004AA3B2 /* HomeView.swift */,
				301794662CE769D50060DC9C /* Reusable */,
			);
			path = View;
			sourceTree = "<group>";
		};
		3017949A2CEA69BD0060DC9C /* ViewModel */ = {
			isa = PBXGroup;
			children = (
				301794982CEA69B60060DC9C /* HomeViewModel.swift */,
			);
			path = ViewModel;
			sourceTree = "<group>";
		};
		30AD49772CE74577008F4FD2 /* Base */ = {
			isa = PBXGroup;
			children = (
				AB5E7740261461B7004AA3B2 /* AppDelegate.swift */,
				AB5E7742261461B7004AA3B2 /* SceneDelegate.swift */,
				AB5E775626146274004AA3B2 /* SupportingFiles */,
			);
			path = Base;
			sourceTree = "<group>";
		};
		30AD49782CE74581008F4FD2 /* UserStories */ = {
			isa = PBXGroup;
			children = (
				3012A5FD2CEE37E2009603A7 /* Details */,
				30AD49832CE759CE008F4FD2 /* Home */,
			);
			path = UserStories;
			sourceTree = "<group>";
		};
		30AD49802CE75986008F4FD2 /* Coordinator */ = {
			isa = PBXGroup;
			children = (
				30AD49812CE759A1008F4FD2 /* Coordinator.swift */,
			);
			path = Coordinator;
			sourceTree = "<group>";
		};
		30AD49832CE759CE008F4FD2 /* Home */ = {
			isa = PBXGroup;
			children = (
				3017948E2CEA49460060DC9C /* Model */,
				301794972CEA69A00060DC9C /* View */,
				3017949A2CEA69BD0060DC9C /* ViewModel */,
			);
			path = Home;
			sourceTree = "<group>";
		};
		AB5E7734261461B7004AA3B2 = {
			isa = PBXGroup;
			children = (
				AB5E773F261461B7004AA3B2 /* DemoApp */,
				AB5E773E261461B7004AA3B2 /* Products */,
			);
			sourceTree = "<group>";
		};
		AB5E773E261461B7004AA3B2 /* Products */ = {
			isa = PBXGroup;
			children = (
				AB5E773D261461B7004AA3B2 /* DemoApp.app */,
			);
			name = Products;
			sourceTree = "<group>";
		};
		AB5E773F261461B7004AA3B2 /* DemoApp */ = {
			isa = PBXGroup;
			children = (
				30AD49772CE74577008F4FD2 /* Base */,
				30AD49782CE74581008F4FD2 /* UserStories */,
				301794672CE76B7A0060DC9C /* Networking */,
				3012A5E82CECA929009603A7 /* Helper */,
				30AD49802CE75986008F4FD2 /* Coordinator */,
			);
			path = DemoApp;
			sourceTree = "<group>";
		};
		AB5E775626146274004AA3B2 /* SupportingFiles */ = {
			isa = PBXGroup;
			children = (
				AB5E7749261461B9004AA3B2 /* Assets.xcassets */,
				AB5E774B261461B9004AA3B2 /* LaunchScreen.storyboard */,
				AB5E774E261461B9004AA3B2 /* Info.plist */,
			);
			path = SupportingFiles;
			sourceTree = "<group>";
		};
/* End PBXGroup section */

/* Begin PBXNativeTarget section */
		AB5E773C261461B7004AA3B2 /* DemoApp */ = {
			isa = PBXNativeTarget;
			buildConfigurationList = AB5E7751261461B9004AA3B2 /* Build configuration list for PBXNativeTarget "DemoApp" */;
			buildPhases = (
				AB5E7739261461B7004AA3B2 /* Sources */,
				AB5E773A261461B7004AA3B2 /* Frameworks */,
				AB5E773B261461B7004AA3B2 /* Resources */,
			);
			buildRules = (
			);
			dependencies = (
			);
			name = DemoApp;
			packageProductDependencies = (
				3017946B2CE76CF60060DC9C /* Alamofire */,
				3017946D2CE76CF60060DC9C /* AlamofireDynamic */,
				301794812CE790F90060DC9C /* SnapKit */,
				301794832CE790F90060DC9C /* SnapKit-Dynamic */,
				301794862CE79F4C0060DC9C /* Toast */,
			);
			productName = DemoApp;
			productReference = AB5E773D261461B7004AA3B2 /* DemoApp.app */;
			productType = "com.apple.product-type.application";
		};
/* End PBXNativeTarget section */

/* Begin PBXProject section */
		AB5E7735261461B7004AA3B2 /* Project object */ = {
			isa = PBXProject;
			attributes = {
				LastSwiftUpdateCheck = 1240;
				LastUpgradeCheck = 1240;
				TargetAttributes = {
					AB5E773C261461B7004AA3B2 = {
						CreatedOnToolsVersion = 12.4;
					};
				};
			};
			buildConfigurationList = AB5E7738261461B7004AA3B2 /* Build configuration list for PBXProject "DemoApp" */;
			compatibilityVersion = "Xcode 9.3";
			developmentRegion = en;
			hasScannedForEncodings = 0;
			knownRegions = (
				en,
				Base,
			);
			mainGroup = AB5E7734261461B7004AA3B2;
			packageReferences = (
				3017946A2CE76CF60060DC9C /* XCRemoteSwiftPackageReference "Alamofire" */,
				301794802CE790F90060DC9C /* XCRemoteSwiftPackageReference "SnapKit" */,
				301794852CE79F4C0060DC9C /* XCRemoteSwiftPackageReference "Toast-Swift" */,
			);
			productRefGroup = AB5E773E261461B7004AA3B2 /* Products */;
			projectDirPath = "";
			projectRoot = "";
			targets = (
				AB5E773C261461B7004AA3B2 /* DemoApp */,
			);
		};
/* End PBXProject section */

/* Begin PBXResourcesBuildPhase section */
		AB5E773B261461B7004AA3B2 /* Resources */ = {
			isa = PBXResourcesBuildPhase;
			buildActionMask = 2147483647;
			files = (
				AB5E774D261461B9004AA3B2 /* LaunchScreen.storyboard in Resources */,
				AB5E774A261461B9004AA3B2 /* Assets.xcassets in Resources */,
			);
			runOnlyForDeploymentPostprocessing = 0;
		};
/* End PBXResourcesBuildPhase section */

/* Begin PBXSourcesBuildPhase section */
		AB5E7739261461B7004AA3B2 /* Sources */ = {
			isa = PBXSourcesBuildPhase;
			buildActionMask = 2147483647;
			files = (
				301794752CE773250060DC9C /* ContentGroupDTO.swift in Sources */,
				3075FAAC2CEF9BE3002DFF92 /* CategoriesCell.swift in Sources */,
				301794702CE772AA0060DC9C /* KyivstarTVAPIEndpoint.swift in Sources */,
				301794942CEA5B210060DC9C /* AssetDetailsDTO.swift in Sources */,
				301794992CEA69B60060DC9C /* HomeViewModel.swift in Sources */,
				3017949F2CEB622E0060DC9C /* KyivstarTVNetworkManager.swift in Sources */,
				AB5E7745261461B7004AA3B2 /* HomeView.swift in Sources */,
				3012A5EC2CECAAEA009603A7 /* CategoriesDTO.swift in Sources */,
				3012A5F42CECFA85009603A7 /* SectionHeaderView.swift in Sources */,
				AB5E7741261461B7004AA3B2 /* AppDelegate.swift in Sources */,
				3012A5EA2CECA954009603A7 /* ResponseDataConverter.swift in Sources */,
				3012A6032CEE382F009603A7 /* DetailsViewModel.swift in Sources */,
				301794922CEA571A0060DC9C /* AssetDTO.swift in Sources */,
				3075FAB22CEF9C65002DFF92 /* EPGCell.swift in Sources */,
				3075FAAA2CEF9BC4002DFF92 /* PromotionCell.swift in Sources */,
				AB5E7743261461B7004AA3B2 /* SceneDelegate.swift in Sources */,
				301794722CE772C30060DC9C /* Endpoint.swift in Sources */,
				301794692CE76CB40060DC9C /* APIClient.swift in Sources */,
				3012A6082CEE3C76009603A7 /* AssetDetailsSimilarModel.swift in Sources */,
				3017947F2CE790310060DC9C /* HomeSectionCellType.swift in Sources */,
				3075FAB02CEF9C57002DFF92 /* LiveChannelsCell.swift in Sources */,
				3017948D2CEA439C0060DC9C /* HomeSectionType.swift in Sources */,
				3075FAAE2CEF9C42002DFF92 /* CinemaCell.swift in Sources */,
				3012A6062CEE3C03009603A7 /* AssetDetailsModel.swift in Sources */,
				3012A5F72CEDF343009603A7 /* ImageDownloader.swift in Sources */,
				3012A5FF2CEE37FB009603A7 /* DetailsView.swift in Sources */,
				305897472CEE47BE002B3485 /* SimilarItemView.swift in Sources */,
				301794962CEA5E990060DC9C /* HomeSectionModel.swift in Sources */,
				30AD49822CE759A1008F4FD2 /* Coordinator.swift in Sources */,
				301794902CEA49780060DC9C /* HomeSectionCellModel.swift in Sources */,
				301794772CE773380060DC9C /* PromotionsDTO.swift in Sources */,
			);
			runOnlyForDeploymentPostprocessing = 0;
		};
/* End PBXSourcesBuildPhase section */

/* Begin PBXVariantGroup section */
		AB5E774B261461B9004AA3B2 /* LaunchScreen.storyboard */ = {
			isa = PBXVariantGroup;
			children = (
				AB5E774C261461B9004AA3B2 /* Base */,
			);
			name = LaunchScreen.storyboard;
			sourceTree = "<group>";
		};
/* End PBXVariantGroup section */

/* Begin XCBuildConfiguration section */
		AB5E774F261461B9004AA3B2 /* Debug */ = {
			isa = XCBuildConfiguration;
			buildSettings = {
				ALWAYS_SEARCH_USER_PATHS = NO;
				CLANG_ANALYZER_NONNULL = YES;
				CLANG_ANALYZER_NUMBER_OBJECT_CONVERSION = YES_AGGRESSIVE;
				CLANG_CXX_LANGUAGE_STANDARD = "gnu++14";
				CLANG_CXX_LIBRARY = "libc++";
				CLANG_ENABLE_MODULES = YES;
				CLANG_ENABLE_OBJC_ARC = YES;
				CLANG_ENABLE_OBJC_WEAK = YES;
				CLANG_WARN_BLOCK_CAPTURE_AUTORELEASING = YES;
				CLANG_WARN_BOOL_CONVERSION = YES;
				CLANG_WARN_COMMA = YES;
				CLANG_WARN_CONSTANT_CONVERSION = YES;
				CLANG_WARN_DEPRECATED_OBJC_IMPLEMENTATIONS = YES;
				CLANG_WARN_DIRECT_OBJC_ISA_USAGE = YES_ERROR;
				CLANG_WARN_DOCUMENTATION_COMMENTS = YES;
				CLANG_WARN_EMPTY_BODY = YES;
				CLANG_WARN_ENUM_CONVERSION = YES;
				CLANG_WARN_INFINITE_RECURSION = YES;
				CLANG_WARN_INT_CONVERSION = YES;
				CLANG_WARN_NON_LITERAL_NULL_CONVERSION = YES;
				CLANG_WARN_OBJC_IMPLICIT_RETAIN_SELF = YES;
				CLANG_WARN_OBJC_LITERAL_CONVERSION = YES;
				CLANG_WARN_OBJC_ROOT_CLASS = YES_ERROR;
				CLANG_WARN_QUOTED_INCLUDE_IN_FRAMEWORK_HEADER = YES;
				CLANG_WARN_RANGE_LOOP_ANALYSIS = YES;
				CLANG_WARN_STRICT_PROTOTYPES = YES;
				CLANG_WARN_SUSPICIOUS_MOVE = YES;
				CLANG_WARN_UNGUARDED_AVAILABILITY = YES_AGGRESSIVE;
				CLANG_WARN_UNREACHABLE_CODE = YES;
				CLANG_WARN__DUPLICATE_METHOD_MATCH = YES;
				COPY_PHASE_STRIP = NO;
				DEBUG_INFORMATION_FORMAT = dwarf;
				ENABLE_STRICT_OBJC_MSGSEND = YES;
				ENABLE_TESTABILITY = YES;
				GCC_C_LANGUAGE_STANDARD = gnu11;
				GCC_DYNAMIC_NO_PIC = NO;
				GCC_NO_COMMON_BLOCKS = YES;
				GCC_OPTIMIZATION_LEVEL = 0;
				GCC_PREPROCESSOR_DEFINITIONS = (
					"DEBUG=1",
					"$(inherited)",
				);
				GCC_WARN_64_TO_32_BIT_CONVERSION = YES;
				GCC_WARN_ABOUT_RETURN_TYPE = YES_ERROR;
				GCC_WARN_UNDECLARED_SELECTOR = YES;
				GCC_WARN_UNINITIALIZED_AUTOS = YES_AGGRESSIVE;
				GCC_WARN_UNUSED_FUNCTION = YES;
				GCC_WARN_UNUSED_VARIABLE = YES;
				IPHONEOS_DEPLOYMENT_TARGET = 15.0;
				MTL_ENABLE_DEBUG_INFO = INCLUDE_SOURCE;
				MTL_FAST_MATH = YES;
				ONLY_ACTIVE_ARCH = YES;
				SDKROOT = iphoneos;
				SWIFT_ACTIVE_COMPILATION_CONDITIONS = DEBUG;
				SWIFT_OPTIMIZATION_LEVEL = "-Onone";
			};
			name = Debug;
		};
		AB5E7750261461B9004AA3B2 /* Release */ = {
			isa = XCBuildConfiguration;
			buildSettings = {
				ALWAYS_SEARCH_USER_PATHS = NO;
				CLANG_ANALYZER_NONNULL = YES;
				CLANG_ANALYZER_NUMBER_OBJECT_CONVERSION = YES_AGGRESSIVE;
				CLANG_CXX_LANGUAGE_STANDARD = "gnu++14";
				CLANG_CXX_LIBRARY = "libc++";
				CLANG_ENABLE_MODULES = YES;
				CLANG_ENABLE_OBJC_ARC = YES;
				CLANG_ENABLE_OBJC_WEAK = YES;
				CLANG_WARN_BLOCK_CAPTURE_AUTORELEASING = YES;
				CLANG_WARN_BOOL_CONVERSION = YES;
				CLANG_WARN_COMMA = YES;
				CLANG_WARN_CONSTANT_CONVERSION = YES;
				CLANG_WARN_DEPRECATED_OBJC_IMPLEMENTATIONS = YES;
				CLANG_WARN_DIRECT_OBJC_ISA_USAGE = YES_ERROR;
				CLANG_WARN_DOCUMENTATION_COMMENTS = YES;
				CLANG_WARN_EMPTY_BODY = YES;
				CLANG_WARN_ENUM_CONVERSION = YES;
				CLANG_WARN_INFINITE_RECURSION = YES;
				CLANG_WARN_INT_CONVERSION = YES;
				CLANG_WARN_NON_LITERAL_NULL_CONVERSION = YES;
				CLANG_WARN_OBJC_IMPLICIT_RETAIN_SELF = YES;
				CLANG_WARN_OBJC_LITERAL_CONVERSION = YES;
				CLANG_WARN_OBJC_ROOT_CLASS = YES_ERROR;
				CLANG_WARN_QUOTED_INCLUDE_IN_FRAMEWORK_HEADER = YES;
				CLANG_WARN_RANGE_LOOP_ANALYSIS = YES;
				CLANG_WARN_STRICT_PROTOTYPES = YES;
				CLANG_WARN_SUSPICIOUS_MOVE = YES;
				CLANG_WARN_UNGUARDED_AVAILABILITY = YES_AGGRESSIVE;
				CLANG_WARN_UNREACHABLE_CODE = YES;
				CLANG_WARN__DUPLICATE_METHOD_MATCH = YES;
				COPY_PHASE_STRIP = NO;
				DEBUG_INFORMATION_FORMAT = "dwarf-with-dsym";
				ENABLE_NS_ASSERTIONS = NO;
				ENABLE_STRICT_OBJC_MSGSEND = YES;
				GCC_C_LANGUAGE_STANDARD = gnu11;
				GCC_NO_COMMON_BLOCKS = YES;
				GCC_WARN_64_TO_32_BIT_CONVERSION = YES;
				GCC_WARN_ABOUT_RETURN_TYPE = YES_ERROR;
				GCC_WARN_UNDECLARED_SELECTOR = YES;
				GCC_WARN_UNINITIALIZED_AUTOS = YES_AGGRESSIVE;
				GCC_WARN_UNUSED_FUNCTION = YES;
				GCC_WARN_UNUSED_VARIABLE = YES;
				IPHONEOS_DEPLOYMENT_TARGET = 15.0;
				MTL_ENABLE_DEBUG_INFO = NO;
				MTL_FAST_MATH = YES;
				SDKROOT = iphoneos;
				SWIFT_COMPILATION_MODE = wholemodule;
				SWIFT_OPTIMIZATION_LEVEL = "-O";
				VALIDATE_PRODUCT = YES;
			};
			name = Release;
		};
		AB5E7752261461B9004AA3B2 /* Debug */ = {
			isa = XCBuildConfiguration;
			buildSettings = {
				ASSETCATALOG_COMPILER_APPICON_NAME = AppIcon;
				ASSETCATALOG_COMPILER_GLOBAL_ACCENT_COLOR_NAME = AccentColor;
				CODE_SIGN_STYLE = Automatic;
				INFOPLIST_FILE = DemoApp/Base/SupportingFiles/Info.plist;
				IPHONEOS_DEPLOYMENT_TARGET = 15.0;
				LD_RUNPATH_SEARCH_PATHS = (
					"$(inherited)",
					"@executable_path/Frameworks",
				);
				PRODUCT_BUNDLE_IDENTIFIER = com.vidmind.DemoApp;
				PRODUCT_NAME = "$(TARGET_NAME)";
				SUPPORTED_PLATFORMS = "iphoneos iphonesimulator";
				SUPPORTS_MACCATALYST = NO;
				SUPPORTS_MAC_DESIGNED_FOR_IPHONE_IPAD = NO;
				SWIFT_VERSION = 5.0;
				TARGETED_DEVICE_FAMILY = 1;
			};
			name = Debug;
		};
		AB5E7753261461B9004AA3B2 /* Release */ = {
			isa = XCBuildConfiguration;
			buildSettings = {
				ASSETCATALOG_COMPILER_APPICON_NAME = AppIcon;
				ASSETCATALOG_COMPILER_GLOBAL_ACCENT_COLOR_NAME = AccentColor;
				CODE_SIGN_STYLE = Automatic;
				INFOPLIST_FILE = DemoApp/Base/SupportingFiles/Info.plist;
				IPHONEOS_DEPLOYMENT_TARGET = 15.0;
				LD_RUNPATH_SEARCH_PATHS = (
					"$(inherited)",
					"@executable_path/Frameworks",
				);
				PRODUCT_BUNDLE_IDENTIFIER = com.vidmind.DemoApp;
				PRODUCT_NAME = "$(TARGET_NAME)";
				SUPPORTED_PLATFORMS = "iphoneos iphonesimulator";
				SUPPORTS_MACCATALYST = NO;
				SUPPORTS_MAC_DESIGNED_FOR_IPHONE_IPAD = NO;
				SWIFT_VERSION = 5.0;
				TARGETED_DEVICE_FAMILY = 1;
			};
			name = Release;
		};
/* End XCBuildConfiguration section */

/* Begin XCConfigurationList section */
		AB5E7738261461B7004AA3B2 /* Build configuration list for PBXProject "DemoApp" */ = {
			isa = XCConfigurationList;
			buildConfigurations = (
				AB5E774F261461B9004AA3B2 /* Debug */,
				AB5E7750261461B9004AA3B2 /* Release */,
			);
			defaultConfigurationIsVisible = 0;
			defaultConfigurationName = Release;
		};
		AB5E7751261461B9004AA3B2 /* Build configuration list for PBXNativeTarget "DemoApp" */ = {
			isa = XCConfigurationList;
			buildConfigurations = (
				AB5E7752261461B9004AA3B2 /* Debug */,
				AB5E7753261461B9004AA3B2 /* Release */,
			);
			defaultConfigurationIsVisible = 0;
			defaultConfigurationName = Release;
		};
/* End XCConfigurationList section */

/* Begin XCRemoteSwiftPackageReference section */
		3017946A2CE76CF60060DC9C /* XCRemoteSwiftPackageReference "Alamofire" */ = {
			isa = XCRemoteSwiftPackageReference;
			repositoryURL = "https://github.com/Alamofire/Alamofire.git";
			requirement = {
				kind = upToNextMajorVersion;
				minimumVersion = 5.10.1;
			};
		};
		301794802CE790F90060DC9C /* XCRemoteSwiftPackageReference "SnapKit" */ = {
			isa = XCRemoteSwiftPackageReference;
			repositoryURL = "https://github.com/SnapKit/SnapKit.git";
			requirement = {
				kind = upToNextMajorVersion;
				minimumVersion = 5.7.1;
			};
		};
		301794852CE79F4C0060DC9C /* XCRemoteSwiftPackageReference "Toast-Swift" */ = {
			isa = XCRemoteSwiftPackageReference;
			repositoryURL = "https://github.com/scalessec/Toast-Swift.git";
			requirement = {
				kind = upToNextMajorVersion;
				minimumVersion = 5.1.1;
			};
		};
/* End XCRemoteSwiftPackageReference section */

/* Begin XCSwiftPackageProductDependency section */
		3017946B2CE76CF60060DC9C /* Alamofire */ = {
			isa = XCSwiftPackageProductDependency;
			package = 3017946A2CE76CF60060DC9C /* XCRemoteSwiftPackageReference "Alamofire" */;
			productName = Alamofire;
		};
		3017946D2CE76CF60060DC9C /* AlamofireDynamic */ = {
			isa = XCSwiftPackageProductDependency;
			package = 3017946A2CE76CF60060DC9C /* XCRemoteSwiftPackageReference "Alamofire" */;
			productName = AlamofireDynamic;
		};
		301794812CE790F90060DC9C /* SnapKit */ = {
			isa = XCSwiftPackageProductDependency;
			package = 301794802CE790F90060DC9C /* XCRemoteSwiftPackageReference "SnapKit" */;
			productName = SnapKit;
		};
		301794832CE790F90060DC9C /* SnapKit-Dynamic */ = {
			isa = XCSwiftPackageProductDependency;
			package = 301794802CE790F90060DC9C /* XCRemoteSwiftPackageReference "SnapKit" */;
			productName = "SnapKit-Dynamic";
		};
		301794862CE79F4C0060DC9C /* Toast */ = {
			isa = XCSwiftPackageProductDependency;
			package = 301794852CE79F4C0060DC9C /* XCRemoteSwiftPackageReference "Toast-Swift" */;
			productName = Toast;
		};
/* End XCSwiftPackageProductDependency section */
	};
	rootObject = AB5E7735261461B7004AA3B2 /* Project object */;
}
