// !$*UTF8*$!
{
	archiveVersion = 1;
	classes = {
	};
	objectVersion = 50;
	objects = {

/* Begin PBXBuildFile section */
		11252B622C3D899E00713D89 /* ContentGroup.swift in Sources */ = {isa = PBXBuildFile; fileRef = 11252B612C3D899E00713D89 /* ContentGroup.swift */; };
		11252B662C3DC8C100713D89 /* SquareTitledCell.swift in Sources */ = {isa = PBXBuildFile; fileRef = 11252B652C3DC8C100713D89 /* SquareTitledCell.swift */; };
		11252B682C3DDFA800713D89 /* SectionHeaderReusableView.swift in Sources */ = {isa = PBXBuildFile; fileRef = 11252B672C3DDFA800713D89 /* SectionHeaderReusableView.swift */; };
		11252B6B2C3E068400713D89 /* Section.swift in Sources */ = {isa = PBXBuildFile; fileRef = 11252B6A2C3E068400713D89 /* Section.swift */; };
		11252B6D2C3E22B400713D89 /* AssetCell.swift in Sources */ = {isa = PBXBuildFile; fileRef = 11252B6C2C3E22B400713D89 /* AssetCell.swift */; };
		11252B702C3E26E700713D89 /* ChannelCell.swift in Sources */ = {isa = PBXBuildFile; fileRef = 11252B6F2C3E26E700713D89 /* ChannelCell.swift */; };
		11252B722C3E2C6C00713D89 /* EPGCell.swift in Sources */ = {isa = PBXBuildFile; fileRef = 11252B712C3E2C6C00713D89 /* EPGCell.swift */; };
		11252B742C3E320300713D89 /* PromotionsModel.swift in Sources */ = {isa = PBXBuildFile; fileRef = 11252B732C3E320300713D89 /* PromotionsModel.swift */; };
		11252B762C3E323000713D89 /* CategoriesModel.swift in Sources */ = {isa = PBXBuildFile; fileRef = 11252B752C3E323000713D89 /* CategoriesModel.swift */; };
		114F7F412C3E36E100794B8C /* NetworkResponse.swift in Sources */ = {isa = PBXBuildFile; fileRef = 114F7F392C3E36E100794B8C /* NetworkResponse.swift */; };
		114F7F422C3E36E100794B8C /* ObservationResponse.swift in Sources */ = {isa = PBXBuildFile; fileRef = 114F7F3A2C3E36E100794B8C /* ObservationResponse.swift */; };
		114F7F432C3E36E100794B8C /* HTTPMethod.swift in Sources */ = {isa = PBXBuildFile; fileRef = 114F7F3C2C3E36E100794B8C /* HTTPMethod.swift */; };
		114F7F442C3E36E100794B8C /* NetworkRequest.swift in Sources */ = {isa = PBXBuildFile; fileRef = 114F7F3D2C3E36E100794B8C /* NetworkRequest.swift */; };
		114F7F452C3E36E100794B8C /* NetworkService.swift in Sources */ = {isa = PBXBuildFile; fileRef = 114F7F3E2C3E36E100794B8C /* NetworkService.swift */; };
		114F7F462C3E36E100794B8C /* NetworkServiceImpl.swift in Sources */ = {isa = PBXBuildFile; fileRef = 114F7F3F2C3E36E100794B8C /* NetworkServiceImpl.swift */; };
		114F7F482C3E376A00794B8C /* DIContainer.swift in Sources */ = {isa = PBXBuildFile; fileRef = 114F7F472C3E376A00794B8C /* DIContainer.swift */; };
		114F7F4C2C3E378E00794B8C /* APIService.swift in Sources */ = {isa = PBXBuildFile; fileRef = 114F7F492C3E378E00794B8C /* APIService.swift */; };
		114F7F4D2C3E378E00794B8C /* APIServiceImpl.swift in Sources */ = {isa = PBXBuildFile; fileRef = 114F7F4A2C3E378E00794B8C /* APIServiceImpl.swift */; };
		114F7F4F2C3E383D00794B8C /* Service.swift in Sources */ = {isa = PBXBuildFile; fileRef = 114F7F4E2C3E383D00794B8C /* Service.swift */; };
		114F7F522C3E39DD00794B8C /* ContentGroupsRequest.swift in Sources */ = {isa = PBXBuildFile; fileRef = 114F7F512C3E39DD00794B8C /* ContentGroupsRequest.swift */; };
		114F7F542C3E3A8F00794B8C /* Environment.swift in Sources */ = {isa = PBXBuildFile; fileRef = 114F7F532C3E3A8F00794B8C /* Environment.swift */; };
		114F7F562C3E3B4200794B8C /* CategoriesRequest.swift in Sources */ = {isa = PBXBuildFile; fileRef = 114F7F552C3E3B4200794B8C /* CategoriesRequest.swift */; };
		114F7F582C3E3D3A00794B8C /* PromotionsRequest.swift in Sources */ = {isa = PBXBuildFile; fileRef = 114F7F572C3E3D3A00794B8C /* PromotionsRequest.swift */; };
		114F7F5A2C3E7FF700794B8C /* PromotionsCell.swift in Sources */ = {isa = PBXBuildFile; fileRef = 114F7F592C3E7FF700794B8C /* PromotionsCell.swift */; };
		114F7F5C2C3F332E00794B8C /* Configurable.swift in Sources */ = {isa = PBXBuildFile; fileRef = 114F7F5B2C3F332E00794B8C /* Configurable.swift */; };
		1167A3632C39F57C003E760A /* AppCoordinator.swift in Sources */ = {isa = PBXBuildFile; fileRef = 1167A3622C39F57C003E760A /* AppCoordinator.swift */; };
		11AD62D22C39BC140083C79A /* Reusable.swift in Sources */ = {isa = PBXBuildFile; fileRef = 11AD62D12C39BC140083C79A /* Reusable.swift */; };
		11AD62D82C39BDC00083C79A /* HomeViewController.swift in Sources */ = {isa = PBXBuildFile; fileRef = 11AD62D62C39BDC00083C79A /* HomeViewController.swift */; };
		11AD62DC2C39C0CF0083C79A /* HomeCoordinator.swift in Sources */ = {isa = PBXBuildFile; fileRef = 11AD62DB2C39C0CE0083C79A /* HomeCoordinator.swift */; };
		11AD62DE2C39C0E00083C79A /* HomeViewModelImpl.swift in Sources */ = {isa = PBXBuildFile; fileRef = 11AD62DD2C39C0E00083C79A /* HomeViewModelImpl.swift */; };
		11AD62E12C39C0F90083C79A /* Coordinator.swift in Sources */ = {isa = PBXBuildFile; fileRef = 11AD62E02C39C0F90083C79A /* Coordinator.swift */; };
		11AD62E42C39C1A80083C79A /* HomeProtocols.swift in Sources */ = {isa = PBXBuildFile; fileRef = 11AD62E32C39C1A80083C79A /* HomeProtocols.swift */; };
		11AD62E62C39C2750083C79A /* UIViewController+UINib.swift in Sources */ = {isa = PBXBuildFile; fileRef = 11AD62E52C39C2750083C79A /* UIViewController+UINib.swift */; };
		AB5E7741261461B7004AA3B2 /* AppDelegate.swift in Sources */ = {isa = PBXBuildFile; fileRef = AB5E7740261461B7004AA3B2 /* AppDelegate.swift */; };
		AB5E7743261461B7004AA3B2 /* SceneDelegate.swift in Sources */ = {isa = PBXBuildFile; fileRef = AB5E7742261461B7004AA3B2 /* SceneDelegate.swift */; };
		AB5E7745261461B7004AA3B2 /* ViewController.swift in Sources */ = {isa = PBXBuildFile; fileRef = AB5E7744261461B7004AA3B2 /* ViewController.swift */; };
		AB5E774A261461B9004AA3B2 /* Assets.xcassets in Resources */ = {isa = PBXBuildFile; fileRef = AB5E7749261461B9004AA3B2 /* Assets.xcassets */; };
		AB5E774D261461B9004AA3B2 /* LaunchScreen.storyboard in Resources */ = {isa = PBXBuildFile; fileRef = AB5E774B261461B9004AA3B2 /* LaunchScreen.storyboard */; };
/* End PBXBuildFile section */

/* Begin PBXFileReference section */
		11252B612C3D899E00713D89 /* ContentGroup.swift */ = {isa = PBXFileReference; lastKnownFileType = sourcecode.swift; path = ContentGroup.swift; sourceTree = "<group>"; };
		11252B652C3DC8C100713D89 /* SquareTitledCell.swift */ = {isa = PBXFileReference; lastKnownFileType = sourcecode.swift; path = SquareTitledCell.swift; sourceTree = "<group>"; };
		11252B672C3DDFA800713D89 /* SectionHeaderReusableView.swift */ = {isa = PBXFileReference; lastKnownFileType = sourcecode.swift; path = SectionHeaderReusableView.swift; sourceTree = "<group>"; };
		11252B6A2C3E068400713D89 /* Section.swift */ = {isa = PBXFileReference; lastKnownFileType = sourcecode.swift; path = Section.swift; sourceTree = "<group>"; };
		11252B6C2C3E22B400713D89 /* AssetCell.swift */ = {isa = PBXFileReference; lastKnownFileType = sourcecode.swift; path = AssetCell.swift; sourceTree = "<group>"; };
		11252B6F2C3E26E700713D89 /* ChannelCell.swift */ = {isa = PBXFileReference; lastKnownFileType = sourcecode.swift; path = ChannelCell.swift; sourceTree = "<group>"; };
		11252B712C3E2C6C00713D89 /* EPGCell.swift */ = {isa = PBXFileReference; lastKnownFileType = sourcecode.swift; path = EPGCell.swift; sourceTree = "<group>"; };
		11252B732C3E320300713D89 /* PromotionsModel.swift */ = {isa = PBXFileReference; lastKnownFileType = sourcecode.swift; path = PromotionsModel.swift; sourceTree = "<group>"; };
		11252B752C3E323000713D89 /* CategoriesModel.swift */ = {isa = PBXFileReference; lastKnownFileType = sourcecode.swift; path = CategoriesModel.swift; sourceTree = "<group>"; };
		114F7F392C3E36E100794B8C /* NetworkResponse.swift */ = {isa = PBXFileReference; fileEncoding = 4; lastKnownFileType = sourcecode.swift; path = NetworkResponse.swift; sourceTree = "<group>"; };
		114F7F3A2C3E36E100794B8C /* ObservationResponse.swift */ = {isa = PBXFileReference; fileEncoding = 4; lastKnownFileType = sourcecode.swift; path = ObservationResponse.swift; sourceTree = "<group>"; };
		114F7F3C2C3E36E100794B8C /* HTTPMethod.swift */ = {isa = PBXFileReference; fileEncoding = 4; lastKnownFileType = sourcecode.swift; path = HTTPMethod.swift; sourceTree = "<group>"; };
		114F7F3D2C3E36E100794B8C /* NetworkRequest.swift */ = {isa = PBXFileReference; fileEncoding = 4; lastKnownFileType = sourcecode.swift; path = NetworkRequest.swift; sourceTree = "<group>"; };
		114F7F3E2C3E36E100794B8C /* NetworkService.swift */ = {isa = PBXFileReference; fileEncoding = 4; lastKnownFileType = sourcecode.swift; path = NetworkService.swift; sourceTree = "<group>"; };
		114F7F3F2C3E36E100794B8C /* NetworkServiceImpl.swift */ = {isa = PBXFileReference; fileEncoding = 4; lastKnownFileType = sourcecode.swift; path = NetworkServiceImpl.swift; sourceTree = "<group>"; };
		114F7F472C3E376A00794B8C /* DIContainer.swift */ = {isa = PBXFileReference; fileEncoding = 4; lastKnownFileType = sourcecode.swift; path = DIContainer.swift; sourceTree = "<group>"; };
		114F7F492C3E378E00794B8C /* APIService.swift */ = {isa = PBXFileReference; fileEncoding = 4; lastKnownFileType = sourcecode.swift; path = APIService.swift; sourceTree = "<group>"; };
		114F7F4A2C3E378E00794B8C /* APIServiceImpl.swift */ = {isa = PBXFileReference; fileEncoding = 4; lastKnownFileType = sourcecode.swift; path = APIServiceImpl.swift; sourceTree = "<group>"; };
		114F7F4E2C3E383D00794B8C /* Service.swift */ = {isa = PBXFileReference; lastKnownFileType = sourcecode.swift; path = Service.swift; sourceTree = "<group>"; };
		114F7F512C3E39DD00794B8C /* ContentGroupsRequest.swift */ = {isa = PBXFileReference; lastKnownFileType = sourcecode.swift; path = ContentGroupsRequest.swift; sourceTree = "<group>"; };
		114F7F532C3E3A8F00794B8C /* Environment.swift */ = {isa = PBXFileReference; lastKnownFileType = sourcecode.swift; path = Environment.swift; sourceTree = "<group>"; };
		114F7F552C3E3B4200794B8C /* CategoriesRequest.swift */ = {isa = PBXFileReference; lastKnownFileType = sourcecode.swift; path = CategoriesRequest.swift; sourceTree = "<group>"; };
		114F7F572C3E3D3A00794B8C /* PromotionsRequest.swift */ = {isa = PBXFileReference; lastKnownFileType = sourcecode.swift; path = PromotionsRequest.swift; sourceTree = "<group>"; };
		114F7F592C3E7FF700794B8C /* PromotionsCell.swift */ = {isa = PBXFileReference; lastKnownFileType = sourcecode.swift; path = PromotionsCell.swift; sourceTree = "<group>"; };
		114F7F5B2C3F332E00794B8C /* Configurable.swift */ = {isa = PBXFileReference; lastKnownFileType = sourcecode.swift; path = Configurable.swift; sourceTree = "<group>"; };
		1167A3622C39F57C003E760A /* AppCoordinator.swift */ = {isa = PBXFileReference; lastKnownFileType = sourcecode.swift; path = AppCoordinator.swift; sourceTree = "<group>"; };
		11AD62D12C39BC140083C79A /* Reusable.swift */ = {isa = PBXFileReference; lastKnownFileType = sourcecode.swift; path = Reusable.swift; sourceTree = "<group>"; };
		11AD62D62C39BDC00083C79A /* HomeViewController.swift */ = {isa = PBXFileReference; lastKnownFileType = sourcecode.swift; path = HomeViewController.swift; sourceTree = "<group>"; };
		11AD62DB2C39C0CE0083C79A /* HomeCoordinator.swift */ = {isa = PBXFileReference; lastKnownFileType = sourcecode.swift; path = HomeCoordinator.swift; sourceTree = "<group>"; };
		11AD62DD2C39C0E00083C79A /* HomeViewModelImpl.swift */ = {isa = PBXFileReference; lastKnownFileType = sourcecode.swift; path = HomeViewModelImpl.swift; sourceTree = "<group>"; };
		11AD62E02C39C0F90083C79A /* Coordinator.swift */ = {isa = PBXFileReference; lastKnownFileType = sourcecode.swift; path = Coordinator.swift; sourceTree = "<group>"; };
		11AD62E32C39C1A80083C79A /* HomeProtocols.swift */ = {isa = PBXFileReference; lastKnownFileType = sourcecode.swift; path = HomeProtocols.swift; sourceTree = "<group>"; };
		11AD62E52C39C2750083C79A /* UIViewController+UINib.swift */ = {isa = PBXFileReference; lastKnownFileType = sourcecode.swift; path = "UIViewController+UINib.swift"; sourceTree = "<group>"; };
		AB5E773D261461B7004AA3B2 /* DemoApp.app */ = {isa = PBXFileReference; explicitFileType = wrapper.application; includeInIndex = 0; path = DemoApp.app; sourceTree = BUILT_PRODUCTS_DIR; };
		AB5E7740261461B7004AA3B2 /* AppDelegate.swift */ = {isa = PBXFileReference; lastKnownFileType = sourcecode.swift; path = AppDelegate.swift; sourceTree = "<group>"; };
		AB5E7742261461B7004AA3B2 /* SceneDelegate.swift */ = {isa = PBXFileReference; lastKnownFileType = sourcecode.swift; path = SceneDelegate.swift; sourceTree = "<group>"; };
		AB5E7744261461B7004AA3B2 /* ViewController.swift */ = {isa = PBXFileReference; lastKnownFileType = sourcecode.swift; path = ViewController.swift; sourceTree = "<group>"; };
		AB5E7749261461B9004AA3B2 /* Assets.xcassets */ = {isa = PBXFileReference; lastKnownFileType = folder.assetcatalog; path = Assets.xcassets; sourceTree = "<group>"; };
		AB5E774C261461B9004AA3B2 /* Base */ = {isa = PBXFileReference; lastKnownFileType = file.storyboard; name = Base; path = Base.lproj/LaunchScreen.storyboard; sourceTree = "<group>"; };
		AB5E774E261461B9004AA3B2 /* Info.plist */ = {isa = PBXFileReference; lastKnownFileType = text.plist.xml; path = Info.plist; sourceTree = "<group>"; };
/* End PBXFileReference section */

/* Begin PBXFrameworksBuildPhase section */
		AB5E773A261461B7004AA3B2 /* Frameworks */ = {
			isa = PBXFrameworksBuildPhase;
			buildActionMask = 2147483647;
			files = (
			);
			runOnlyForDeploymentPostprocessing = 0;
		};
/* End PBXFrameworksBuildPhase section */

/* Begin PBXGroup section */
		11252B602C3D898E00713D89 /* Models */ = {
			isa = PBXGroup;
			children = (
				11252B612C3D899E00713D89 /* ContentGroup.swift */,
				11252B732C3E320300713D89 /* PromotionsModel.swift */,
				11252B752C3E323000713D89 /* CategoriesModel.swift */,
			);
			path = Models;
			sourceTree = "<group>";
		};
		11252B632C3DC1D600713D89 /* Cell */ = {
			isa = PBXGroup;
			children = (
				11252B652C3DC8C100713D89 /* SquareTitledCell.swift */,
				11252B6C2C3E22B400713D89 /* AssetCell.swift */,
				11252B6F2C3E26E700713D89 /* ChannelCell.swift */,
				11252B712C3E2C6C00713D89 /* EPGCell.swift */,
				114F7F592C3E7FF700794B8C /* PromotionsCell.swift */,
			);
			path = Cell;
			sourceTree = "<group>";
		};
		11252B642C3DC20E00713D89 /* SupplementaryView */ = {
			isa = PBXGroup;
			children = (
				11252B672C3DDFA800713D89 /* SectionHeaderReusableView.swift */,
			);
			path = SupplementaryView;
			sourceTree = "<group>";
		};
		11252B692C3E067B00713D89 /* Model */ = {
			isa = PBXGroup;
			children = (
				11252B6A2C3E068400713D89 /* Section.swift */,
			);
			path = Model;
			sourceTree = "<group>";
		};
		114F7F3B2C3E36E100794B8C /* Response */ = {
			isa = PBXGroup;
			children = (
				114F7F392C3E36E100794B8C /* NetworkResponse.swift */,
				114F7F3A2C3E36E100794B8C /* ObservationResponse.swift */,
			);
			path = Response;
			sourceTree = "<group>";
		};
		114F7F402C3E36E100794B8C /* Network */ = {
			isa = PBXGroup;
			children = (
				114F7F502C3E39D200794B8C /* Request */,
				114F7F3B2C3E36E100794B8C /* Response */,
				114F7F3C2C3E36E100794B8C /* HTTPMethod.swift */,
				114F7F3D2C3E36E100794B8C /* NetworkRequest.swift */,
				114F7F3E2C3E36E100794B8C /* NetworkService.swift */,
				114F7F3F2C3E36E100794B8C /* NetworkServiceImpl.swift */,
			);
			path = Network;
			sourceTree = "<group>";
		};
		114F7F4B2C3E378E00794B8C /* API */ = {
			isa = PBXGroup;
			children = (
				114F7F492C3E378E00794B8C /* APIService.swift */,
				114F7F4A2C3E378E00794B8C /* APIServiceImpl.swift */,
			);
			path = API;
			sourceTree = "<group>";
		};
		114F7F502C3E39D200794B8C /* Request */ = {
			isa = PBXGroup;
			children = (
				114F7F512C3E39DD00794B8C /* ContentGroupsRequest.swift */,
				114F7F552C3E3B4200794B8C /* CategoriesRequest.swift */,
				114F7F572C3E3D3A00794B8C /* PromotionsRequest.swift */,
			);
			path = Request;
			sourceTree = "<group>";
		};
		1167A3612C39F573003E760A /* App */ = {
			isa = PBXGroup;
			children = (
				1167A3622C39F57C003E760A /* AppCoordinator.swift */,
			);
			path = App;
			sourceTree = "<group>";
		};
		11AD62CC2C39BBD00083C79A /* Tools */ = {
			isa = PBXGroup;
			children = (
				11AD62D12C39BC140083C79A /* Reusable.swift */,
				114F7F5B2C3F332E00794B8C /* Configurable.swift */,
			);
			path = Tools;
			sourceTree = "<group>";
		};
		11AD62CD2C39BBD60083C79A /* Modules */ = {
			isa = PBXGroup;
			children = (
				1167A3612C39F573003E760A /* App */,
				11AD62D32C39BDA40083C79A /* Home */,
			);
			path = Modules;
			sourceTree = "<group>";
		};
		11AD62CE2C39BBE40083C79A /* NetworkService */ = {
			isa = PBXGroup;
			children = (
			);
			path = NetworkService;
			sourceTree = "<group>";
		};
		11AD62CF2C39BBEB0083C79A /* Services */ = {
			isa = PBXGroup;
			children = (
				114F7F472C3E376A00794B8C /* DIContainer.swift */,
				11AD62CE2C39BBE40083C79A /* NetworkService */,
				114F7F4E2C3E383D00794B8C /* Service.swift */,
			);
			path = Services;
			sourceTree = "<group>";
		};
		11AD62D02C39BBFE0083C79A /* Extensions */ = {
			isa = PBXGroup;
			children = (
				11AD62E52C39C2750083C79A /* UIViewController+UINib.swift */,
			);
			path = Extensions;
			sourceTree = "<group>";
		};
		11AD62D32C39BDA40083C79A /* Home */ = {
			isa = PBXGroup;
			children = (
				11252B692C3E067B00713D89 /* Model */,
				11AD62E22C39C19E0083C79A /* Protocols */,
				11AD62DA2C39C0C00083C79A /* Coordinator */,
				11AD62D52C39BDB10083C79A /* ViewModel */,
				11AD62D42C39BDAA0083C79A /* View */,
			);
			path = Home;
			sourceTree = "<group>";
		};
		11AD62D42C39BDAA0083C79A /* View */ = {
			isa = PBXGroup;
			children = (
				11252B642C3DC20E00713D89 /* SupplementaryView */,
				11252B632C3DC1D600713D89 /* Cell */,
				11AD62D62C39BDC00083C79A /* HomeViewController.swift */,
			);
			path = View;
			sourceTree = "<group>";
		};
		11AD62D52C39BDB10083C79A /* ViewModel */ = {
			isa = PBXGroup;
			children = (
				11AD62DD2C39C0E00083C79A /* HomeViewModelImpl.swift */,
			);
			path = ViewModel;
			sourceTree = "<group>";
		};
		11AD62DA2C39C0C00083C79A /* Coordinator */ = {
			isa = PBXGroup;
			children = (
				11AD62DB2C39C0CE0083C79A /* HomeCoordinator.swift */,
			);
			path = Coordinator;
			sourceTree = "<group>";
		};
		11AD62DF2C39C0F00083C79A /* Protocols */ = {
			isa = PBXGroup;
			children = (
				11AD62E02C39C0F90083C79A /* Coordinator.swift */,
			);
			path = Protocols;
			sourceTree = "<group>";
		};
		11AD62E22C39C19E0083C79A /* Protocols */ = {
			isa = PBXGroup;
			children = (
				11AD62E32C39C1A80083C79A /* HomeProtocols.swift */,
			);
			path = Protocols;
			sourceTree = "<group>";
		};
		AB5E7734261461B7004AA3B2 = {
			isa = PBXGroup;
			children = (
				AB5E773F261461B7004AA3B2 /* DemoApp */,
				AB5E773E261461B7004AA3B2 /* Products */,
			);
			sourceTree = "<group>";
		};
		AB5E773E261461B7004AA3B2 /* Products */ = {
			isa = PBXGroup;
			children = (
				AB5E773D261461B7004AA3B2 /* DemoApp.app */,
			);
			name = Products;
			sourceTree = "<group>";
		};
		AB5E773F261461B7004AA3B2 /* DemoApp */ = {
			isa = PBXGroup;
			children = (
				114F7F402C3E36E100794B8C /* Network */,
				11252B602C3D898E00713D89 /* Models */,
				11AD62DF2C39C0F00083C79A /* Protocols */,
				11AD62D02C39BBFE0083C79A /* Extensions */,
				114F7F4B2C3E378E00794B8C /* API */,
				11AD62CF2C39BBEB0083C79A /* Services */,
				11AD62CD2C39BBD60083C79A /* Modules */,
				11AD62CC2C39BBD00083C79A /* Tools */,
				AB5E7744261461B7004AA3B2 /* ViewController.swift */,
				AB5E775626146274004AA3B2 /* SupportingFiles */,
			);
			path = DemoApp;
			sourceTree = "<group>";
		};
		AB5E775626146274004AA3B2 /* SupportingFiles */ = {
			isa = PBXGroup;
			children = (
				AB5E7740261461B7004AA3B2 /* AppDelegate.swift */,
				AB5E7742261461B7004AA3B2 /* SceneDelegate.swift */,
				AB5E7749261461B9004AA3B2 /* Assets.xcassets */,
				AB5E774B261461B9004AA3B2 /* LaunchScreen.storyboard */,
				AB5E774E261461B9004AA3B2 /* Info.plist */,
				114F7F532C3E3A8F00794B8C /* Environment.swift */,
			);
			path = SupportingFiles;
			sourceTree = "<group>";
		};
/* End PBXGroup section */

/* Begin PBXNativeTarget section */
		AB5E773C261461B7004AA3B2 /* DemoApp */ = {
			isa = PBXNativeTarget;
			buildConfigurationList = AB5E7751261461B9004AA3B2 /* Build configuration list for PBXNativeTarget "DemoApp" */;
			buildPhases = (
				AB5E7739261461B7004AA3B2 /* Sources */,
				AB5E773A261461B7004AA3B2 /* Frameworks */,
				AB5E773B261461B7004AA3B2 /* Resources */,
			);
			buildRules = (
			);
			dependencies = (
			);
			name = DemoApp;
			productName = DemoApp;
			productReference = AB5E773D261461B7004AA3B2 /* DemoApp.app */;
			productType = "com.apple.product-type.application";
		};
/* End PBXNativeTarget section */

/* Begin PBXProject section */
		AB5E7735261461B7004AA3B2 /* Project object */ = {
			isa = PBXProject;
			attributes = {
				LastSwiftUpdateCheck = 1240;
				LastUpgradeCheck = 1240;
				TargetAttributes = {
					AB5E773C261461B7004AA3B2 = {
						CreatedOnToolsVersion = 12.4;
					};
				};
			};
			buildConfigurationList = AB5E7738261461B7004AA3B2 /* Build configuration list for PBXProject "DemoApp" */;
			compatibilityVersion = "Xcode 9.3";
			developmentRegion = en;
			hasScannedForEncodings = 0;
			knownRegions = (
				en,
				Base,
			);
			mainGroup = AB5E7734261461B7004AA3B2;
			productRefGroup = AB5E773E261461B7004AA3B2 /* Products */;
			projectDirPath = "";
			projectRoot = "";
			targets = (
				AB5E773C261461B7004AA3B2 /* DemoApp */,
			);
		};
/* End PBXProject section */

/* Begin PBXResourcesBuildPhase section */
		AB5E773B261461B7004AA3B2 /* Resources */ = {
			isa = PBXResourcesBuildPhase;
			buildActionMask = 2147483647;
			files = (
				AB5E774D261461B9004AA3B2 /* LaunchScreen.storyboard in Resources */,
				AB5E774A261461B9004AA3B2 /* Assets.xcassets in Resources */,
			);
			runOnlyForDeploymentPostprocessing = 0;
		};
/* End PBXResourcesBuildPhase section */

/* Begin PBXSourcesBuildPhase section */
		AB5E7739261461B7004AA3B2 /* Sources */ = {
			isa = PBXSourcesBuildPhase;
			buildActionMask = 2147483647;
			files = (
				114F7F482C3E376A00794B8C /* DIContainer.swift in Sources */,
				114F7F542C3E3A8F00794B8C /* Environment.swift in Sources */,
				1167A3632C39F57C003E760A /* AppCoordinator.swift in Sources */,
				11252B702C3E26E700713D89 /* ChannelCell.swift in Sources */,
				11252B6D2C3E22B400713D89 /* AssetCell.swift in Sources */,
				11252B742C3E320300713D89 /* PromotionsModel.swift in Sources */,
				11AD62E12C39C0F90083C79A /* Coordinator.swift in Sources */,
				11AD62D82C39BDC00083C79A /* HomeViewController.swift in Sources */,
				11AD62D22C39BC140083C79A /* Reusable.swift in Sources */,
				11AD62DE2C39C0E00083C79A /* HomeViewModelImpl.swift in Sources */,
				11AD62E42C39C1A80083C79A /* HomeProtocols.swift in Sources */,
				11252B682C3DDFA800713D89 /* SectionHeaderReusableView.swift in Sources */,
				114F7F562C3E3B4200794B8C /* CategoriesRequest.swift in Sources */,
				AB5E7745261461B7004AA3B2 /* ViewController.swift in Sources */,
				114F7F4D2C3E378E00794B8C /* APIServiceImpl.swift in Sources */,
				114F7F522C3E39DD00794B8C /* ContentGroupsRequest.swift in Sources */,
				AB5E7741261461B7004AA3B2 /* AppDelegate.swift in Sources */,
				AB5E7743261461B7004AA3B2 /* SceneDelegate.swift in Sources */,
				11252B722C3E2C6C00713D89 /* EPGCell.swift in Sources */,
				11AD62E62C39C2750083C79A /* UIViewController+UINib.swift in Sources */,
				114F7F4F2C3E383D00794B8C /* Service.swift in Sources */,
				114F7F582C3E3D3A00794B8C /* PromotionsRequest.swift in Sources */,
				11252B662C3DC8C100713D89 /* SquareTitledCell.swift in Sources */,
				11252B6B2C3E068400713D89 /* Section.swift in Sources */,
				11252B762C3E323000713D89 /* CategoriesModel.swift in Sources */,
				114F7F412C3E36E100794B8C /* NetworkResponse.swift in Sources */,
				114F7F432C3E36E100794B8C /* HTTPMethod.swift in Sources */,
				11AD62DC2C39C0CF0083C79A /* HomeCoordinator.swift in Sources */,
				114F7F4C2C3E378E00794B8C /* APIService.swift in Sources */,
				114F7F5A2C3E7FF700794B8C /* PromotionsCell.swift in Sources */,
				114F7F5C2C3F332E00794B8C /* Configurable.swift in Sources */,
				114F7F462C3E36E100794B8C /* NetworkServiceImpl.swift in Sources */,
				11252B622C3D899E00713D89 /* ContentGroup.swift in Sources */,
				114F7F422C3E36E100794B8C /* ObservationResponse.swift in Sources */,
				114F7F452C3E36E100794B8C /* NetworkService.swift in Sources */,
				114F7F442C3E36E100794B8C /* NetworkRequest.swift in Sources */,
			);
			runOnlyForDeploymentPostprocessing = 0;
		};
/* End PBXSourcesBuildPhase section */

/* Begin PBXVariantGroup section */
		AB5E774B261461B9004AA3B2 /* LaunchScreen.storyboard */ = {
			isa = PBXVariantGroup;
			children = (
				AB5E774C261461B9004AA3B2 /* Base */,
			);
			name = LaunchScreen.storyboard;
			sourceTree = "<group>";
		};
/* End PBXVariantGroup section */

/* Begin XCBuildConfiguration section */
		AB5E774F261461B9004AA3B2 /* Debug */ = {
			isa = XCBuildConfiguration;
			buildSettings = {
				ALWAYS_SEARCH_USER_PATHS = NO;
				CLANG_ANALYZER_NONNULL = YES;
				CLANG_ANALYZER_NUMBER_OBJECT_CONVERSION = YES_AGGRESSIVE;
				CLANG_CXX_LANGUAGE_STANDARD = "gnu++14";
				CLANG_CXX_LIBRARY = "libc++";
				CLANG_ENABLE_MODULES = YES;
				CLANG_ENABLE_OBJC_ARC = YES;
				CLANG_ENABLE_OBJC_WEAK = YES;
				CLANG_WARN_BLOCK_CAPTURE_AUTORELEASING = YES;
				CLANG_WARN_BOOL_CONVERSION = YES;
				CLANG_WARN_COMMA = YES;
				CLANG_WARN_CONSTANT_CONVERSION = YES;
				CLANG_WARN_DEPRECATED_OBJC_IMPLEMENTATIONS = YES;
				CLANG_WARN_DIRECT_OBJC_ISA_USAGE = YES_ERROR;
				CLANG_WARN_DOCUMENTATION_COMMENTS = YES;
				CLANG_WARN_EMPTY_BODY = YES;
				CLANG_WARN_ENUM_CONVERSION = YES;
				CLANG_WARN_INFINITE_RECURSION = YES;
				CLANG_WARN_INT_CONVERSION = YES;
				CLANG_WARN_NON_LITERAL_NULL_CONVERSION = YES;
				CLANG_WARN_OBJC_IMPLICIT_RETAIN_SELF = YES;
				CLANG_WARN_OBJC_LITERAL_CONVERSION = YES;
				CLANG_WARN_OBJC_ROOT_CLASS = YES_ERROR;
				CLANG_WARN_QUOTED_INCLUDE_IN_FRAMEWORK_HEADER = YES;
				CLANG_WARN_RANGE_LOOP_ANALYSIS = YES;
				CLANG_WARN_STRICT_PROTOTYPES = YES;
				CLANG_WARN_SUSPICIOUS_MOVE = YES;
				CLANG_WARN_UNGUARDED_AVAILABILITY = YES_AGGRESSIVE;
				CLANG_WARN_UNREACHABLE_CODE = YES;
				CLANG_WARN__DUPLICATE_METHOD_MATCH = YES;
				COPY_PHASE_STRIP = NO;
				DEBUG_INFORMATION_FORMAT = dwarf;
				ENABLE_STRICT_OBJC_MSGSEND = YES;
				ENABLE_TESTABILITY = YES;
				GCC_C_LANGUAGE_STANDARD = gnu11;
				GCC_DYNAMIC_NO_PIC = NO;
				GCC_NO_COMMON_BLOCKS = YES;
				GCC_OPTIMIZATION_LEVEL = 0;
				GCC_PREPROCESSOR_DEFINITIONS = (
					"DEBUG=1",
					"$(inherited)",
				);
				GCC_WARN_64_TO_32_BIT_CONVERSION = YES;
				GCC_WARN_ABOUT_RETURN_TYPE = YES_ERROR;
				GCC_WARN_UNDECLARED_SELECTOR = YES;
				GCC_WARN_UNINITIALIZED_AUTOS = YES_AGGRESSIVE;
				GCC_WARN_UNUSED_FUNCTION = YES;
				GCC_WARN_UNUSED_VARIABLE = YES;
				IPHONEOS_DEPLOYMENT_TARGET = 14.4;
				MTL_ENABLE_DEBUG_INFO = INCLUDE_SOURCE;
				MTL_FAST_MATH = YES;
				ONLY_ACTIVE_ARCH = YES;
				SDKROOT = iphoneos;
				SWIFT_ACTIVE_COMPILATION_CONDITIONS = DEBUG;
				SWIFT_OPTIMIZATION_LEVEL = "-Onone";
			};
			name = Debug;
		};
		AB5E7750261461B9004AA3B2 /* Release */ = {
			isa = XCBuildConfiguration;
			buildSettings = {
				ALWAYS_SEARCH_USER_PATHS = NO;
				CLANG_ANALYZER_NONNULL = YES;
				CLANG_ANALYZER_NUMBER_OBJECT_CONVERSION = YES_AGGRESSIVE;
				CLANG_CXX_LANGUAGE_STANDARD = "gnu++14";
				CLANG_CXX_LIBRARY = "libc++";
				CLANG_ENABLE_MODULES = YES;
				CLANG_ENABLE_OBJC_ARC = YES;
				CLANG_ENABLE_OBJC_WEAK = YES;
				CLANG_WARN_BLOCK_CAPTURE_AUTORELEASING = YES;
				CLANG_WARN_BOOL_CONVERSION = YES;
				CLANG_WARN_COMMA = YES;
				CLANG_WARN_CONSTANT_CONVERSION = YES;
				CLANG_WARN_DEPRECATED_OBJC_IMPLEMENTATIONS = YES;
				CLANG_WARN_DIRECT_OBJC_ISA_USAGE = YES_ERROR;
				CLANG_WARN_DOCUMENTATION_COMMENTS = YES;
				CLANG_WARN_EMPTY_BODY = YES;
				CLANG_WARN_ENUM_CONVERSION = YES;
				CLANG_WARN_INFINITE_RECURSION = YES;
				CLANG_WARN_INT_CONVERSION = YES;
				CLANG_WARN_NON_LITERAL_NULL_CONVERSION = YES;
				CLANG_WARN_OBJC_IMPLICIT_RETAIN_SELF = YES;
				CLANG_WARN_OBJC_LITERAL_CONVERSION = YES;
				CLANG_WARN_OBJC_ROOT_CLASS = YES_ERROR;
				CLANG_WARN_QUOTED_INCLUDE_IN_FRAMEWORK_HEADER = YES;
				CLANG_WARN_RANGE_LOOP_ANALYSIS = YES;
				CLANG_WARN_STRICT_PROTOTYPES = YES;
				CLANG_WARN_SUSPICIOUS_MOVE = YES;
				CLANG_WARN_UNGUARDED_AVAILABILITY = YES_AGGRESSIVE;
				CLANG_WARN_UNREACHABLE_CODE = YES;
				CLANG_WARN__DUPLICATE_METHOD_MATCH = YES;
				COPY_PHASE_STRIP = NO;
				DEBUG_INFORMATION_FORMAT = "dwarf-with-dsym";
				ENABLE_NS_ASSERTIONS = NO;
				ENABLE_STRICT_OBJC_MSGSEND = YES;
				GCC_C_LANGUAGE_STANDARD = gnu11;
				GCC_NO_COMMON_BLOCKS = YES;
				GCC_WARN_64_TO_32_BIT_CONVERSION = YES;
				GCC_WARN_ABOUT_RETURN_TYPE = YES_ERROR;
				GCC_WARN_UNDECLARED_SELECTOR = YES;
				GCC_WARN_UNINITIALIZED_AUTOS = YES_AGGRESSIVE;
				GCC_WARN_UNUSED_FUNCTION = YES;
				GCC_WARN_UNUSED_VARIABLE = YES;
				IPHONEOS_DEPLOYMENT_TARGET = 14.4;
				MTL_ENABLE_DEBUG_INFO = NO;
				MTL_FAST_MATH = YES;
				SDKROOT = iphoneos;
				SWIFT_COMPILATION_MODE = wholemodule;
				SWIFT_OPTIMIZATION_LEVEL = "-O";
				VALIDATE_PRODUCT = YES;
			};
			name = Release;
		};
		AB5E7752261461B9004AA3B2 /* Debug */ = {
			isa = XCBuildConfiguration;
			buildSettings = {
				ASSETCATALOG_COMPILER_APPICON_NAME = AppIcon;
				ASSETCATALOG_COMPILER_GLOBAL_ACCENT_COLOR_NAME = AccentColor;
				CODE_SIGN_STYLE = Automatic;
				INFOPLIST_FILE = DemoApp/SupportingFiles/Info.plist;
				IPHONEOS_DEPLOYMENT_TARGET = 14.0;
				LD_RUNPATH_SEARCH_PATHS = (
					"$(inherited)",
					"@executable_path/Frameworks",
				);
				PRODUCT_BUNDLE_IDENTIFIER = com.vidmind.DemoApp;
				PRODUCT_NAME = "$(TARGET_NAME)";
				SWIFT_VERSION = 5.0;
				TARGETED_DEVICE_FAMILY = "1,2";
			};
			name = Debug;
		};
		AB5E7753261461B9004AA3B2 /* Release */ = {
			isa = XCBuildConfiguration;
			buildSettings = {
				ASSETCATALOG_COMPILER_APPICON_NAME = AppIcon;
				ASSETCATALOG_COMPILER_GLOBAL_ACCENT_COLOR_NAME = AccentColor;
				CODE_SIGN_STYLE = Automatic;
				INFOPLIST_FILE = DemoApp/SupportingFiles/Info.plist;
				IPHONEOS_DEPLOYMENT_TARGET = 14.0;
				LD_RUNPATH_SEARCH_PATHS = (
					"$(inherited)",
					"@executable_path/Frameworks",
				);
				PRODUCT_BUNDLE_IDENTIFIER = com.vidmind.DemoApp;
				PRODUCT_NAME = "$(TARGET_NAME)";
				SWIFT_VERSION = 5.0;
				TARGETED_DEVICE_FAMILY = "1,2";
			};
			name = Release;
		};
/* End XCBuildConfiguration section */

/* Begin XCConfigurationList section */
		AB5E7738261461B7004AA3B2 /* Build configuration list for PBXProject "DemoApp" */ = {
			isa = XCConfigurationList;
			buildConfigurations = (
				AB5E774F261461B9004AA3B2 /* Debug */,
				AB5E7750261461B9004AA3B2 /* Release */,
			);
			defaultConfigurationIsVisible = 0;
			defaultConfigurationName = Release;
		};
		AB5E7751261461B9004AA3B2 /* Build configuration list for PBXNativeTarget "DemoApp" */ = {
			isa = XCConfigurationList;
			buildConfigurations = (
				AB5E7752261461B9004AA3B2 /* Debug */,
				AB5E7753261461B9004AA3B2 /* Release */,
			);
			defaultConfigurationIsVisible = 0;
			defaultConfigurationName = Release;
		};
/* End XCConfigurationList section */
	};
	rootObject = AB5E7735261461B7004AA3B2 /* Project object */;
}
